// !$*UTF8*$!
{
	archiveVersion = 1;
	classes = {
	};
	objectVersion = 77;
	objects = {

/* Begin PBXContainerItemProxy section */
		F495D2A02F811C47006B15E9 /* PBXContainerItemProxy */ = {
			isa = PBXContainerItemProxy;
			containerPortal = F495D2812F811C46006B15E9 /* Project object */;
			proxyType = 1;
			remoteGlobalIDString = F495D2882F811C46006B15E9;
			remoteInfo = jprac;
		};
		F495D2AA2F811C47006B15E9 /* PBXContainerItemProxy */ = {
			isa = PBXContainerItemProxy;
			containerPortal = F495D2812F811C46006B15E9 /* Project object */;
			proxyType = 1;
			remoteGlobalIDString = F495D2882F811C46006B15E9;
			remoteInfo = jprac;
		};
/* End PBXContainerItemProxy section */

/* Begin PBXFileReference section */
		F495D2892F811C46006B15E9 /* jprac.app */ = {isa = PBXFileReference; explicitFileType = wrapper.application; includeInIndex = 0; path = jprac.app; sourceTree = BUILT_PRODUCTS_DIR; };
		F495D29F2F811C47006B15E9 /* jpracTests.xctest */ = {isa = PBXFileReference; explicitFileType = wrapper.cfbundle; includeInIndex = 0; path = jpracTests.xctest; sourceTree = BUILT_PRODUCTS_DIR; };
		F495D2A92F811C47006B15E9 /* jpracUITests.xctest */ = {isa = PBXFileReference; explicitFileType = wrapper.cfbundle; includeInIndex = 0; path = jpracUITests.xctest; sourceTree = BUILT_PRODUCTS_DIR; };
/* End PBXFileReference section */

/* Begin PBXFileSystemSynchronizedBuildFileExceptionSet section */
		F495D2B12F811C47006B15E9 /* Exceptions for "jprac" folder in "jprac" target */ = {
			isa = PBXFileSystemSynchronizedBuildFileExceptionSet;
			membershipExceptions = (
				Info.plist,
			);
			target = F495D2882F811C46006B15E9 /* jprac */;
		};
/* End PBXFileSystemSynchronizedBuildFileExceptionSet section */

/* Begin PBXFileSystemSynchronizedRootGroup section */
		F495D28B2F811C46006B15E9 /* jprac */ = {
			isa = PBXFileSystemSynchronizedRootGroup;
			exceptions = (
				F495D2B12F811C47006B15E9 /* Exceptions for "jprac" folder in "jprac" target */,
			);
			path = jprac;
			sourceTree = "<group>";
		};
		F495D2A22F811C47006B15E9 /* jpracTests */ = {
			isa = PBXFileSystemSynchronizedRootGroup;
			path = jpracTests;
			sourceTree = "<group>";
		};
		F495D2AC2F811C47006B15E9 /* jpracUITests */ = {
			isa = PBXFileSystemSynchronizedRootGroup;
			path = jpracUITests;
			sourceTree = "<group>";
		};
/* End PBXFileSystemSynchronizedRootGroup section */

/* Begin PBXFrameworksBuildPhase section */
		F495D2862F811C46006B15E9 /* Frameworks */ = {
			isa = PBXFrameworksBuildPhase;
			buildActionMask = 2147483647;
			files = (
			);
			runOnlyForDeploymentPostprocessing = 0;
		};
		F495D29C2F811C47006B15E9 /* Frameworks */ = {
			isa = PBXFrameworksBuildPhase;
			buildActionMask = 2147483647;
			files = (
			);
			runOnlyForDeploymentPostprocessing = 0;
		};
		F495D2A62F811C47006B15E9 /* Frameworks */ = {
			isa = PBXFrameworksBuildPhase;
			buildActionMask = 2147483647;
			files = (
			);
			runOnlyForDeploymentPostprocessing = 0;
		};
/* End PBXFrameworksBuildPhase section */

/* Begin PBXGroup section */
		F495D2802F811C46006B15E9 = {
			isa = PBXGroup;
			children = (
				F495D28B2F811C46006B15E9 /* jprac */,
				F495D2A22F811C47006B15E9 /* jpracTests */,
				F495D2AC2F811C47006B15E9 /* jpracUITests */,
				F495D28A2F811C46006B15E9 /* Products */,
			);
			sourceTree = "<group>";
		};
		F495D28A2F811C46006B15E9 /* Products */ = {
			isa = PBXGroup;
			children = (
				F495D2892F811C46006B15E9 /* jprac.app */,
				F495D29F2F811C47006B15E9 /* jpracTests.xctest */,
				F495D2A92F811C47006B15E9 /* jpracUITests.xctest */,
			);
			name = Products;
			sourceTree = "<group>";
		};
/* End PBXGroup section */

/* Begin PBXNativeTarget section */
		F495D2882F811C46006B15E9 /* jprac */ = {
			isa = PBXNativeTarget;
			buildConfigurationList = F495D2B22F811C47006B15E9 /* Build configuration list for PBXNativeTarget "jprac" */;
			buildPhases = (
				F495D2852F811C46006B15E9 /* Sources */,
				F495D2862F811C46006B15E9 /* Frameworks */,
				F495D2872F811C46006B15E9 /* Resources */,
			);
			buildRules = (
			);
			dependencies = (
			);
			fileSystemSynchronizedGroups = (
				F495D28B2F811C46006B15E9 /* jprac */,
			);
			name = jprac;
			packageProductDependencies = (
			);
			productName = jprac;
			productReference = F495D2892F811C46006B15E9 /* jprac.app */;
			productType = "com.apple.product-type.application";
		};
		F495D29E2F811C47006B15E9 /* jpracTests */ = {
			isa = PBXNativeTarget;
			buildConfigurationList = F495D2B72F811C47006B15E9 /* Build configuration list for PBXNativeTarget "jpracTests" */;
			buildPhases = (
				F495D29B2F811C47006B15E9 /* Sources */,
				F495D29C2F811C47006B15E9 /* Frameworks */,
				F495D29D2F811C47006B15E9 /* Resources */,
			);
			buildRules = (
			);
			dependencies = (
				F495D2A12F811C47006B15E9 /* PBXTargetDependency */,
			);
			fileSystemSynchronizedGroups = (
				F495D2A22F811C47006B15E9 /* jpracTests */,
			);
			name = jpracTests;
			packageProductDependencies = (
			);
			productName = jpracTests;
			productReference = F495D29F2F811C47006B15E9 /* jpracTests.xctest */;
			productType = "com.apple.product-type.bundle.unit-test";
		};
		F495D2A82F811C47006B15E9 /* jpracUITests */ = {
			isa = PBXNativeTarget;
			buildConfigurationList = F495D2BA2F811C47006B15E9 /* Build configuration list for PBXNativeTarget "jpracUITests" */;
			buildPhases = (
				F495D2A52F811C47006B15E9 /* Sources */,
				F495D2A62F811C47006B15E9 /* Frameworks */,
				F495D2A72F811C47006B15E9 /* Resources */,
			);
			buildRules = (
			);
			dependencies = (
				F495D2AB2F811C47006B15E9 /* PBXTargetDependency */,
			);
			fileSystemSynchronizedGroups = (
				F495D2AC2F811C47006B15E9 /* jpracUITests */,
			);
			name = jpracUITests;
			packageProductDependencies = (
			);
			productName = jpracUITests;
			productReference = F495D2A92F811C47006B15E9 /* jpracUITests.xctest */;
			productType = "com.apple.product-type.bundle.ui-testing";
		};
/* End PBXNativeTarget section */

/* Begin PBXProject section */
		F495D2812F811C46006B15E9 /* Project object */ = {
			isa = PBXProject;
			attributes = {
				BuildIndependentTargetsInParallel = 1;
				LastSwiftUpdateCheck = 1630;
				LastUpgradeCheck = 1630;
				TargetAttributes = {
					F495D2882F811C46006B15E9 = {
						CreatedOnToolsVersion = 16.3;
					};
					F495D29E2F811C47006B15E9 = {
						CreatedOnToolsVersion = 16.3;
						TestTargetID = F495D2882F811C46006B15E9;
					};
					F495D2A82F811C47006B15E9 = {
						CreatedOnToolsVersion = 16.3;
						TestTargetID = F495D2882F811C46006B15E9;
					};
				};
			};
			buildConfigurationList = F495D2842F811C46006B15E9 /* Build configuration list for PBXProject "jprac" */;
			developmentRegion = en;
			hasScannedForEncodings = 0;
			knownRegions = (
				en,
				Base,
			);
			mainGroup = F495D2802F811C46006B15E9;
			minimizedProjectReferenceProxies = 1;
			preferredProjectObjectVersion = 77;
			productRefGroup = F495D28A2F811C46006B15E9 /* Products */;
			projectDirPath = "";
			projectRoot = "";
			targets = (
				F495D2882F811C46006B15E9 /* jprac */,
				F495D29E2F811C47006B15E9 /* jpracTests */,
				F495D2A82F811C47006B15E9 /* jpracUITests */,
			);
		};
/* End PBXProject section */

/* Begin PBXResourcesBuildPhase section */
		F495D2872F811C46006B15E9 /* Resources */ = {
			isa = PBXResourcesBuildPhase;
			buildActionMask = 2147483647;
			files = (
			);
			runOnlyForDeploymentPostprocessing = 0;
		};
		F495D29D2F811C47006B15E9 /* Resources */ = {
			isa = PBXResourcesBuildPhase;
			buildActionMask = 2147483647;
			files = (
			);
			runOnlyForDeploymentPostprocessing = 0;
		};
		F495D2A72F811C47006B15E9 /* Resources */ = {
			isa = PBXResourcesBuildPhase;
			buildActionMask = 2147483647;
			files = (
			);
			runOnlyForDeploymentPostprocessing = 0;
		};
/* End PBXResourcesBuildPhase section */

/* Begin PBXSourcesBuildPhase section */
		F495D2852F811C46006B15E9 /* Sources */ = {
			isa = PBXSourcesBuildPhase;
			buildActionMask = 2147483647;
			files = (
			);
			runOnlyForDeploymentPostprocessing = 0;
		};
		F495D29B2F811C47006B15E9 /* Sources */ = {
			isa = PBXSourcesBuildPhase;
			buildActionMask = 2147483647;
			files = (
			);
			runOnlyForDeploymentPostprocessing = 0;
		};
		F495D2A52F811C47006B15E9 /* Sources */ = {
			isa = PBXSourcesBuildPhase;
			buildActionMask = 2147483647;
			files = (
			);
			runOnlyForDeploymentPostprocessing = 0;
		};
/* End PBXSourcesBuildPhase section */

/* Begin PBXTargetDependency section */
		F495D2A12F811C47006B15E9 /* PBXTargetDependency */ = {
			isa = PBXTargetDependency;
			target = F495D2882F811C46006B15E9 /* jprac */;
			targetProxy = F495D2A02F811C47006B15E9 /* PBXContainerItemProxy */;
		};
		F495D2AB2F811C47006B15E9 /* PBXTargetDependency */ = {
			isa = PBXTargetDependency;
			target = F495D2882F811C46006B15E9 /* jprac */;
			targetProxy = F495D2AA2F811C47006B15E9 /* PBXContainerItemProxy */;
		};
/* End PBXTargetDependency section */

/* Begin XCBuildConfiguration section */
		F495D2B32F811C47006B15E9 /* Debug */ = {
			isa = XCBuildConfiguration;
			buildSettings = {
				ASSETCATALOG_COMPILER_APPICON_NAME = AppIcon;
				ASSETCATALOG_COMPILER_GLOBAL_ACCENT_COLOR_NAME = AccentColor;
				CODE_SIGN_STYLE = Automatic;
				CURRENT_PROJECT_VERSION = 1;
				DEVELOPMENT_TEAM = 6C6CAMWF7U;
				GENERATE_INFOPLIST_FILE = YES;
				INFOPLIST_FILE = jprac/Info.plist;
				INFOPLIST_KEY_UIApplicationSupportsIndirectInputEvents = YES;
				INFOPLIST_KEY_UILaunchStoryboardName = LaunchScreen;
				INFOPLIST_KEY_UIMainStoryboardFile = Main;
				INFOPLIST_KEY_UISupportedInterfaceOrientations_iPad = "UIInterfaceOrientationPortrait UIInterfaceOrientationPortraitUpsideDown UIInterfaceOrientationLandscapeLeft UIInterfaceOrientationLandscapeRight";
				INFOPLIST_KEY_UISupportedInterfaceOrientations_iPhone = "UIInterfaceOrientationPortrait UIInterfaceOrientationLandscapeLeft UIInterfaceOrientationLandscapeRight";
				LD_RUNPATH_SEARCH_PATHS = (
					"$(inherited)",
					"@executable_path/Frameworks",
				);
				MARKETING_VERSION = 1.0;
				PRODUCT_BUNDLE_IDENTIFIER = example.jprac;
				PRODUCT_NAME = "$(TARGET_NAME)";
				SWIFT_EMIT_LOC_STRINGS = YES;
				SWIFT_VERSION = 5.0;
				TARGETED_DEVICE_FAMILY = "1,2";
			};
			name = Debug;
		};
		F495D2B42F811C47006B15E9 /* Release */ = {
			isa = XCBuildConfiguration;
			buildSettings = {
				ASSETCATALOG_COMPILER_APPICON_NAME = AppIcon;
				ASSETCATALOG_COMPILER_GLOBAL_ACCENT_COLOR_NAME = AccentColor;
				CODE_SIGN_STYLE = Automatic;
				CURRENT_PROJECT_VERSION = 1;
				DEVELOPMENT_TEAM = 6C6CAMWF7U;
				GENERATE_INFOPLIST_FILE = YES;
				INFOPLIST_FILE = jprac/Info.plist;
				INFOPLIST_KEY_UIApplicationSupportsIndirectInputEvents = YES;
				INFOPLIST_KEY_UILaunchStoryboardName = LaunchScreen;
				INFOPLIST_KEY_UIMainStoryboardFile = Main;
				INFOPLIST_KEY_UISupportedInterfaceOrientations_iPad = "UIInterfaceOrientationPortrait UIInterfaceOrientationPortraitUpsideDown UIInterfaceOrientationLandscapeLeft UIInterfaceOrientationLandscapeRight";
				INFOPLIST_KEY_UISupportedInterfaceOrientations_iPhone = "UIInterfaceOrientationPortrait UIInterfaceOrientationLandscapeLeft UIInterfaceOrientationLandscapeRight";
				LD_RUNPATH_SEARCH_PATHS = (
					"$(inherited)",
					"@executable_path/Frameworks",
				);
				MARKETING_VERSION = 1.0;
				PRODUCT_BUNDLE_IDENTIFIER = example.jprac;
				PRODUCT_NAME = "$(TARGET_NAME)";
				SWIFT_EMIT_LOC_STRINGS = YES;
				SWIFT_VERSION = 5.0;
				TARGETED_DEVICE_FAMILY = "1,2";
			};
			name = Release;
		};
		F495D2B52F811C47006B15E9 /* Debug */ = {
			isa = XCBuildConfiguration;
			buildSettings = {
				ALWAYS_SEARCH_USER_PATHS = NO;
				ASSETCATALOG_COMPILER_GENERATE_SWIFT_ASSET_SYMBOL_EXTENSIONS = YES;
				CLANG_ANALYZER_NONNULL = YES;
				CLANG_ANALYZER_NUMBER_OBJECT_CONVERSION = YES_AGGRESSIVE;
				CLANG_CXX_LANGUAGE_STANDARD = "gnu++20";
				CLANG_ENABLE_MODULES = YES;
				CLANG_ENABLE_OBJC_ARC = YES;
				CLANG_ENABLE_OBJC_WEAK = YES;
				CLANG_WARN_BLOCK_CAPTURE_AUTORELEASING = YES;
				CLANG_WARN_BOOL_CONVERSION = YES;
				CLANG_WARN_COMMA = YES;
				CLANG_WARN_CONSTANT_CONVERSION = YES;
				CLANG_WARN_DEPRECATED_OBJC_IMPLEMENTATIONS = YES;
				CLANG_WARN_DIRECT_OBJC_ISA_USAGE = YES_ERROR;
				CLANG_WARN_DOCUMENTATION_COMMENTS = YES;
				CLANG_WARN_EMPTY_BODY = YES;
				CLANG_WARN_ENUM_CONVERSION = YES;
				CLANG_WARN_INFINITE_RECURSION = YES;
				CLANG_WARN_INT_CONVERSION = YES;
				CLANG_WARN_NON_LITERAL_NULL_CONVERSION = YES;
				CLANG_WARN_OBJC_IMPLICIT_RETAIN_SELF = YES;
				CLANG_WARN_OBJC_LITERAL_CONVERSION = YES;
				CLANG_WARN_OBJC_ROOT_CLASS = YES_ERROR;
				CLANG_WARN_QUOTED_INCLUDE_IN_FRAMEWORK_HEADER = YES;
				CLANG_WARN_RANGE_LOOP_ANALYSIS = YES;
				CLANG_WARN_STRICT_PROTOTYPES = YES;
				CLANG_WARN_SUSPICIOUS_MOVE = YES;
				CLANG_WARN_UNGUARDED_AVAILABILITY = YES_AGGRESSIVE;
				CLANG_WARN_UNREACHABLE_CODE = YES;
				CLANG_WARN__DUPLICATE_METHOD_MATCH = YES;
				COPY_PHASE_STRIP = NO;
				DEBUG_INFORMATION_FORMAT = dwarf;
				DEVELOPMENT_TEAM = 6C6CAMWF7U;
				ENABLE_STRICT_OBJC_MSGSEND = YES;
				ENABLE_TESTABILITY = YES;
				ENABLE_USER_SCRIPT_SANDBOXING = YES;
				GCC_C_LANGUAGE_STANDARD = gnu17;
				GCC_DYNAMIC_NO_PIC = NO;
				GCC_NO_COMMON_BLOCKS = YES;
				GCC_OPTIMIZATION_LEVEL = 0;
				GCC_PREPROCESSOR_DEFINITIONS = (
					"DEBUG=1",
					"$(inherited)",
				);
				GCC_WARN_64_TO_32_BIT_CONVERSION = YES;
				GCC_WARN_ABOUT_RETURN_TYPE = YES_ERROR;
				GCC_WARN_UNDECLARED_SELECTOR = YES;
				GCC_WARN_UNINITIALIZED_AUTOS = YES_AGGRESSIVE;
				GCC_WARN_UNUSED_FUNCTION = YES;
				GCC_WARN_UNUSED_VARIABLE = YES;
				IPHONEOS_DEPLOYMENT_TARGET = 18.4;
				LOCALIZATION_PREFERS_STRING_CATALOGS = YES;
				MTL_ENABLE_DEBUG_INFO = INCLUDE_SOURCE;
				MTL_FAST_MATH = YES;
				ONLY_ACTIVE_ARCH = YES;
				SDKROOT = iphoneos;
				SWIFT_ACTIVE_COMPILATION_CONDITIONS = "DEBUG $(inherited)";
				SWIFT_OPTIMIZATION_LEVEL = "-Onone";
			};
			name = Debug;
		};
		F495D2B62F811C47006B15E9 /* Release */ = {
			isa = XCBuildConfiguration;
			buildSettings = {
				ALWAYS_SEARCH_USER_PATHS = NO;
				ASSETCATALOG_COMPILER_GENERATE_SWIFT_ASSET_SYMBOL_EXTENSIONS = YES;
				CLANG_ANALYZER_NONNULL = YES;
				CLANG_ANALYZER_NUMBER_OBJECT_CONVERSION = YES_AGGRESSIVE;
				CLANG_CXX_LANGUAGE_STANDARD = "gnu++20";
				CLANG_ENABLE_MODULES = YES;
				CLANG_ENABLE_OBJC_ARC = YES;
				CLANG_ENABLE_OBJC_WEAK = YES;
				CLANG_WARN_BLOCK_CAPTURE_AUTORELEASING = YES;
				CLANG_WARN_BOOL_CONVERSION = YES;
				CLANG_WARN_COMMA = YES;
				CLANG_WARN_CONSTANT_CONVERSION = YES;
				CLANG_WARN_DEPRECATED_OBJC_IMPLEMENTATIONS = YES;
				CLANG_WARN_DIRECT_OBJC_ISA_USAGE = YES_ERROR;
				CLANG_WARN_DOCUMENTATION_COMMENTS = YES;
				CLANG_WARN_EMPTY_BODY = YES;
				CLANG_WARN_ENUM_CONVERSION = YES;
				CLANG_WARN_INFINITE_RECURSION = YES;
				CLANG_WARN_INT_CONVERSION = YES;
				CLANG_WARN_NON_LITERAL_NULL_CONVERSION = YES;
				CLANG_WARN_OBJC_IMPLICIT_RETAIN_SELF = YES;
				CLANG_WARN_OBJC_LITERAL_CONVERSION = YES;
				CLANG_WARN_OBJC_ROOT_CLASS = YES_ERROR;
				CLANG_WARN_QUOTED_INCLUDE_IN_FRAMEWORK_HEADER = YES;
				CLANG_WARN_RANGE_LOOP_ANALYSIS = YES;
				CLANG_WARN_STRICT_PROTOTYPES = YES;
				CLANG_WARN_SUSPICIOUS_MOVE = YES;
				CLANG_WARN_UNGUARDED_AVAILABILITY = YES_AGGRESSIVE;
				CLANG_WARN_UNREACHABLE_CODE = YES;
				CLANG_WARN__DUPLICATE_METHOD_MATCH = YES;
				COPY_PHASE_STRIP = NO;
				DEBUG_INFORMATION_FORMAT = "dwarf-with-dsym";
				DEVELOPMENT_TEAM = 6C6CAMWF7U;
				ENABLE_NS_ASSERTIONS = NO;
				ENABLE_STRICT_OBJC_MSGSEND = YES;
				ENABLE_USER_SCRIPT_SANDBOXING = YES;
				GCC_C_LANGUAGE_STANDARD = gnu17;
				GCC_NO_COMMON_BLOCKS = YES;
				GCC_WARN_64_TO_32_BIT_CONVERSION = YES;
				GCC_WARN_ABOUT_RETURN_TYPE = YES_ERROR;
				GCC_WARN_UNDECLARED_SELECTOR = YES;
				GCC_WARN_UNINITIALIZED_AUTOS = YES_AGGRESSIVE;
				GCC_WARN_UNUSED_FUNCTION = YES;
				GCC_WARN_UNUSED_VARIABLE = YES;
				IPHONEOS_DEPLOYMENT_TARGET = 18.4;
				LOCALIZATION_PREFERS_STRING_CATALOGS = YES;
				MTL_ENABLE_DEBUG_INFO = NO;
				MTL_FAST_MATH = YES;
				SDKROOT = iphoneos;
				SWIFT_COMPILATION_MODE = wholemodule;
				VALIDATE_PRODUCT = YES;
			};
			name = Release;
		};
		F495D2B82F811C47006B15E9 /* Debug */ = {
			isa = XCBuildConfiguration;
			buildSettings = {
				BUNDLE_LOADER = "$(TEST_HOST)";
				CODE_SIGN_STYLE = Automatic;
				CURRENT_PROJECT_VERSION = 1;
				DEVELOPMENT_TEAM = 6C6CAMWF7U;
				GENERATE_INFOPLIST_FILE = YES;
				IPHONEOS_DEPLOYMENT_TARGET = 18.4;
				MARKETING_VERSION = 1.0;
				PRODUCT_BUNDLE_IDENTIFIER = example.jpracTests;
				PRODUCT_NAME = "$(TARGET_NAME)";
				SWIFT_EMIT_LOC_STRINGS = NO;
				SWIFT_VERSION = 5.0;
				TARGETED_DEVICE_FAMILY = "1,2";
				TEST_HOST = "$(BUILT_PRODUCTS_DIR)/jprac.app/$(BUNDLE_EXECUTABLE_FOLDER_PATH)/jprac";
			};
			name = Debug;
		};
		F495D2B92F811C47006B15E9 /* Release */ = {
			isa = XCBuildConfiguration;
			buildSettings = {
				BUNDLE_LOADER = "$(TEST_HOST)";
				CODE_SIGN_STYLE = Automatic;
				CURRENT_PROJECT_VERSION = 1;
				DEVELOPMENT_TEAM = 6C6CAMWF7U;
				GENERATE_INFOPLIST_FILE = YES;
				IPHONEOS_DEPLOYMENT_TARGET = 18.4;
				MARKETING_VERSION = 1.0;
				PRODUCT_BUNDLE_IDENTIFIER = example.jpracTests;
				PRODUCT_NAME = "$(TARGET_NAME)";
				SWIFT_EMIT_LOC_STRINGS = NO;
				SWIFT_VERSION = 5.0;
				TARGETED_DEVICE_FAMILY = "1,2";
				TEST_HOST = "$(BUILT_PRODUCTS_DIR)/jprac.app/$(BUNDLE_EXECUTABLE_FOLDER_PATH)/jprac";
			};
			name = Release;
		};
		F495D2BB2F811C47006B15E9 /* Debug */ = {
			isa = XCBuildConfiguration;
			buildSettings = {
				CODE_SIGN_STYLE = Automatic;
				CURRENT_PROJECT_VERSION = 1;
				DEVELOPMENT_TEAM = 6C6CAMWF7U;
				GENERATE_INFOPLIST_FILE = YES;
				MARKETING_VERSION = 1.0;
				PRODUCT_BUNDLE_IDENTIFIER = example.jpracUITests;
				PRODUCT_NAME = "$(TARGET_NAME)";
				SWIFT_EMIT_LOC_STRINGS = NO;
				SWIFT_VERSION = 5.0;
				TARGETED_DEVICE_FAMILY = "1,2";
				TEST_TARGET_NAME = jprac;
			};
			name = Debug;
		};
		F495D2BC2F811C47006B15E9 /* Release */ = {
			isa = XCBuildConfiguration;
			buildSettings = {
				CODE_SIGN_STYLE = Automatic;
				CURRENT_PROJECT_VERSION = 1;
				DEVELOPMENT_TEAM = 6C6CAMWF7U;
				GENERATE_INFOPLIST_FILE = YES;
				MARKETING_VERSION = 1.0;
				PRODUCT_BUNDLE_IDENTIFIER = example.jpracUITests;
				PRODUCT_NAME = "$(TARGET_NAME)";
				SWIFT_EMIT_LOC_STRINGS = NO;
				SWIFT_VERSION = 5.0;
				TARGETED_DEVICE_FAMILY = "1,2";
				TEST_TARGET_NAME = jprac;
			};
			name = Release;
		};
/* End XCBuildConfiguration section */

/* Begin XCConfigurationList section */
		F495D2842F811C46006B15E9 /* Build configuration list for PBXProject "jprac" */ = {
			isa = XCConfigurationList;
			buildConfigurations = (
				F495D2B52F811C47006B15E9 /* Debug */,
				F495D2B62F811C47006B15E9 /* Release */,
			);
			defaultConfigurationIsVisible = 0;
			defaultConfigurationName = Release;
		};
		F495D2B22F811C47006B15E9 /* Build configuration list for PBXNativeTarget "jprac" */ = {
			isa = XCConfigurationList;
			buildConfigurations = (
				F495D2B32F811C47006B15E9 /* Debug */,
				F495D2B42F811C47006B15E9 /* Release */,
			);
			defaultConfigurationIsVisible = 0;
			defaultConfigurationName = Release;
		};
		F495D2B72F811C47006B15E9 /* Build configuration list for PBXNativeTarget "jpracTests" */ = {
			isa = XCConfigurationList;
			buildConfigurations = (
				F495D2B82F811C47006B15E9 /* Debug */,
				F495D2B92F811C47006B15E9 /* Release */,
			);
			defaultConfigurationIsVisible = 0;
			defaultConfigurationName = Release;
		};
		F495D2BA2F811C47006B15E9 /* Build configuration list for PBXNativeTarget "jpracUITests" */ = {
			isa = XCConfigurationList;
			buildConfigurations = (
				F495D2BB2F811C47006B15E9 /* Debug */,
				F495D2BC2F811C47006B15E9 /* Release */,
			);
			defaultConfigurationIsVisible = 0;
			defaultConfigurationName = Release;
		};
/* End XCConfigurationList section */
	};
	rootObject = F495D2812F811C46006B15E9 /* Project object */;
}
